<<<<<<< HEAD
﻿
Microsoft Visual Studio Solution File, Format Version 12.00
# Visual Studio 2015
Project("{FAE04EC0-301F-11D3-BF4B-00C04F79EFBC}") = "New Unity Project", "New Unity Project.csproj", "{BFD958C4-5209-89E8-D1A0-F25854A4DC74}"
=======
Microsoft Visual Studio Solution File, Format Version 11.00
# Visual Studio 2008

Project("{51410DB2-8570-737B-A495-110236DE2A7E}") = "New Unity Project", "Assembly-CSharp.csproj", "{B2B58FB2-4462-6B0C-A872-40DD957E5FE0}"
>>>>>>> a8ce3ba3f2b213a59eccf3ed332f640c1099984e
EndProject
Global
	GlobalSection(SolutionConfigurationPlatforms) = preSolution
		Debug|Any CPU = Debug|Any CPU
		Release|Any CPU = Release|Any CPU
	EndGlobalSection
	GlobalSection(ProjectConfigurationPlatforms) = postSolution
<<<<<<< HEAD
		{BFD958C4-5209-89E8-D1A0-F25854A4DC74}.Debug|Any CPU.ActiveCfg = Debug|Any CPU
		{BFD958C4-5209-89E8-D1A0-F25854A4DC74}.Debug|Any CPU.Build.0 = Debug|Any CPU
		{BFD958C4-5209-89E8-D1A0-F25854A4DC74}.Release|Any CPU.ActiveCfg = Release|Any CPU
		{BFD958C4-5209-89E8-D1A0-F25854A4DC74}.Release|Any CPU.Build.0 = Release|Any CPU
=======
		{B2B58FB2-4462-6B0C-A872-40DD957E5FE0}.Debug|Any CPU.ActiveCfg = Debug|Any CPU
		{B2B58FB2-4462-6B0C-A872-40DD957E5FE0}.Debug|Any CPU.Build.0 = Debug|Any CPU
		{B2B58FB2-4462-6B0C-A872-40DD957E5FE0}.Release|Any CPU.ActiveCfg = Release|Any CPU
		{B2B58FB2-4462-6B0C-A872-40DD957E5FE0}.Release|Any CPU.Build.0 = Release|Any CPU
>>>>>>> a8ce3ba3f2b213a59eccf3ed332f640c1099984e
	EndGlobalSection
	GlobalSection(SolutionProperties) = preSolution
		HideSolutionNode = FALSE
	EndGlobalSection
	GlobalSection(MonoDevelopProperties) = preSolution
		StartupItem = Assembly-CSharp.csproj
	EndGlobalSection
EndGlobal
